{
    "_readme": [
        "This file locks the dependencies of your project to a known state",
        "Read more about it at https://getcomposer.org/doc/01-basic-usage.md#installing-dependencies",
        "This file is @generated automatically"
    ],
    "content-hash": "e3621ffe55cda4d6a4071b9e084c8d70",
    "packages": [
        {
            "name": "catfan/medoo",
            "version": "v1.7.8",
            "source": {
                "type": "git",
                "url": "https://github.com/catfan/Medoo.git",
                "reference": "dd9d570584cfb1e09ec470608479b86e41d5b60d"
            },
            "dist": {
                "type": "zip",
                "url": "https://api.github.com/repos/catfan/Medoo/zipball/dd9d570584cfb1e09ec470608479b86e41d5b60d",
                "reference": "dd9d570584cfb1e09ec470608479b86e41d5b60d",
                "shasum": "",
                "mirrors": [
                    {
                        "url": "https://mirrors.aliyun.com/composer/dists/%package%/%reference%.%type%",
                        "preferred": true
                    }
                ]
            },
            "require": {
                "ext-pdo": "*",
                "php": ">=5.4"
            },
            "suggest": {
                "ext-pdo_dblib": "For MSSQL or Sybase database on Linux/UNIX platform",
                "ext-pdo_mysql": "For MySQL or MariaDB database",
                "ext-pdo_oci": "For Oracle database",
                "ext-pdo_oci8": "For Oracle version 8 database",
                "ext-pdo_pqsql": "For PostgreSQL database",
                "ext-pdo_sqlite": "For SQLite database",
                "ext-pdo_sqlsrv": "For MSSQL database on both Window/Liunx platform"
            },
            "type": "framework",
            "autoload": {
                "psr-4": {
                    "Medoo\\": "/src"
                }
            },
            "notification-url": "https://packagist.org/downloads/",
            "license": [
                "MIT"
            ],
            "authors": [
                {
                    "name": "Angel Lai",
                    "email": "angel@catfan.me"
                }
            ],
            "description": "The lightweight PHP database framework to accelerate development",
            "homepage": "https://medoo.in",
            "keywords": [
                "database",
                "database library",
                "lightweight",
                "mariadb",
                "mssql",
                "mysql",
                "oracle",
                "php framework",
                "postgresql",
                "sql",
                "sqlite"
            ],
            "time": "2019-12-19T05:04:34+00:00"
        },
        {
            "name": "textalk/websocket",
            "version": "1.2.0",
            "source": {
                "type": "git",
                "url": "https://github.com/Textalk/websocket-php.git",
                "reference": "bfa18bb6bf523680c7803f6b04694fbbf2f67bbf"
            },
            "dist": {
                "type": "zip",
                "url": "https://api.github.com/repos/Textalk/websocket-php/zipball/bfa18bb6bf523680c7803f6b04694fbbf2f67bbf",
                "reference": "bfa18bb6bf523680c7803f6b04694fbbf2f67bbf",
                "shasum": "",
                "mirrors": [
                    {
                        "url": "https://mirrors.aliyun.com/composer/dists/%package%/%reference%.%type%",
                        "preferred": true
                    }
                ]
            },
            "require-dev": {
                "cboden/ratchet": "0.3.*",
                "phpunit/phpunit": "4.1.*",
                "phpunit/phpunit-selenium": "1.3.3",
                "satooshi/php-coveralls": "dev-master"
            },
            "type": "library",
            "autoload": {
                "psr-4": {
                    "WebSocket\\": "lib"
                }
            },
            "notification-url": "https://packagist.org/downloads/",
            "license": [
                "MIT"
            ],
            "authors": [
                {
                    "name": "Fredrik Liljegren",
                    "email": "fredrik.liljegren@textalk.se"
                }
            ],
            "description": "WebSocket client and server",
            "time": "2015-10-09T07:32:42+00:00"
        }
    ],
    "packages-dev": [],
    "aliases": [],
    "minimum-stability": "stable",
    "stability-flags": [],
    "prefer-stable": false,
    "prefer-lowest": false,
    "platform": [],
    "platform-dev": []
}
